
Microsoft Visual Studio Solution File, Format Version 12.00
# Visual Studio 2013
VisualStudioVersion = 12.0.21005.1
MinimumVisualStudioVersion = 10.0.40219.1
Project("{FAE04EC0-301F-11D3-BF4B-00C04F79EFBC}") = "ATM", "ATM\ATM.csproj", "{BF07693B-1B7D-49B7-968D-A3C0915BBF73}"
EndProject
Project("{FAE04EC0-301F-11D3-BF4B-00C04F79EFBC}") = "ATM.Tests", "ATM.Tests\ATM.Tests.csproj", "{EA69ED58-1622-4387-8279-E1DFB4F1D820}"
EndProject
Global
	GlobalSection(SolutionConfigurationPlatforms) = preSolution
		Debug|Any CPU = Debug|Any CPU
		Release|Any CPU = Release|Any CPU
	EndGlobalSection
	GlobalSection(ProjectConfigurationPlatforms) = postSolution
		{BF07693B-1B7D-49B7-968D-A3C0915BBF73}.Debug|Any CPU.ActiveCfg = Debug|Any CPU
		{BF07693B-1B7D-49B7-968D-A3C0915BBF73}.Debug|Any CPU.Build.0 = Debug|Any CPU
		{BF07693B-1B7D-49B7-968D-A3C0915BBF73}.Release|Any CPU.ActiveCfg = Release|Any CPU
		{BF07693B-1B7D-49B7-968D-A3C0915BBF73}.Release|Any CPU.Build.0 = Release|Any CPU
		{EA69ED58-1622-4387-8279-E1DFB4F1D820}.Debug|Any CPU.ActiveCfg = Debug|Any CPU
		{EA69ED58-1622-4387-8279-E1DFB4F1D820}.Debug|Any CPU.Build.0 = Debug|Any CPU
		{EA69ED58-1622-4387-8279-E1DFB4F1D820}.Release|Any CPU.ActiveCfg = Release|Any CPU
		{EA69ED58-1622-4387-8279-E1DFB4F1D820}.Release|Any CPU.Build.0 = Release|Any CPU
	EndGlobalSection
	GlobalSection(SolutionProperties) = preSolution
		HideSolutionNode = FALSE
	EndGlobalSection
EndGlobal
